
Microsoft Visual Studio Solution File, Format Version 12.00
# Visual Studio Version 17
VisualStudioVersion = 17.0.31717.71
MinimumVisualStudioVersion = 10.0.40219.1
Project("{9A19103F-16F7-4668-BE54-9A1E7A4F7556}") = "AddressManager.Blazor", "AddressManager.Blazor.csproj", "{5C4E1ED1-43E7-408C-991B-FA444D789FA1}"
EndProject
Global
	GlobalSection(SolutionConfigurationPlatforms) = preSolution
		Debug|Any CPU = Debug|Any CPU
		Release|Any CPU = Release|Any CPU
	EndGlobalSection
	GlobalSection(ProjectConfigurationPlatforms) = postSolution
		{5C4E1ED1-43E7-408C-991B-FA444D789FA1}.Debug|Any CPU.ActiveCfg = Debug|Any CPU
		{5C4E1ED1-43E7-408C-991B-FA444D789FA1}.Debug|Any CPU.Build.0 = Debug|Any CPU
		{5C4E1ED1-43E7-408C-991B-FA444D789FA1}.Release|Any CPU.ActiveCfg = Release|Any CPU
		{5C4E1ED1-43E7-408C-991B-FA444D789FA1}.Release|Any CPU.Build.0 = Release|Any CPU
	EndGlobalSection
	GlobalSection(SolutionProperties) = preSolution
		HideSolutionNode = FALSE
	EndGlobalSection
	GlobalSection(ExtensibilityGlobals) = postSolution
		SolutionGuid = {395D4828-BD53-40BF-83C4-C324B1E2DE9C}
	EndGlobalSection
EndGlobal